
Microsoft Visual Studio Solution File, Format Version 12.00
# Visual Studio Version 17
VisualStudioVersion = 17.2.32526.322
MinimumVisualStudioVersion = 10.0.40219.1
Project("{9A19103F-16F7-4668-BE54-9A1E7A4F7556}") = "CarvedRock.OrderProcessor", "CarvedRock.OrderProcessor\CarvedRock.OrderProcessor.csproj", "{50985A06-A3D8-4297-BF5B-10017C9BA556}"
EndProject
Project("{9A19103F-16F7-4668-BE54-9A1E7A4F7556}") = "CarvedRock.InvoiceGenerator", "CarvedRock.InvoiceGenerator\CarvedRock.InvoiceGenerator.csproj", "{2D2A9B4A-B439-4DD8-9E84-4A6D917F8B08}"
EndProject
Project("{9A19103F-16F7-4668-BE54-9A1E7A4F7556}") = "CarvedRock.Api", "CarvedRock.Api\CarvedRock.Api.csproj", "{96D5A87B-61BC-4567-82D9-98FFA6DEB0AF}"
EndProject
Project("{E53339B2-1760-4266-BCC7-CA923CBCF16C}") = "docker-compose", "docker-compose.dcproj", "{1434F60E-E993-437A-B6F8-674EB3DBE72E}"
EndProject
Project("{2150E333-8FDC-42A3-9474-1A3956D46DE8}") = "sql", "sql", "{EEAAE666-675E-40D3-84E6-708B123F3F98}"
	ProjectSection(SolutionItems) = preProject
		sql\setup.sh = sql\setup.sh
		sql\entrypoint.sh = sql\entrypoint.sh
		sql\sql.Dockerfile = sql\sql.Dockerfile
		sql\wait-for-it.sh = sql\wait-for-it.sh
		sql\InitializeDatabase.sql = sql\InitializeDatabase.sql
	EndProjectSection
EndProject
Project("{FAE04EC0-301F-11D3-BF4B-00C04F79EFBC}") = "CarvedRock.App", "CarvedRock.App\CarvedRock.App.csproj", "{B323C7C2-A79D-40A8-AC5F-9D0175987BB1}"
EndProject
Global
	GlobalSection(SolutionConfigurationPlatforms) = preSolution
		Debug|Any CPU = Debug|Any CPU
		Release|Any CPU = Release|Any CPU
	EndGlobalSection
	GlobalSection(ProjectConfigurationPlatforms) = postSolution
		{50985A06-A3D8-4297-BF5B-10017C9BA556}.Debug|Any CPU.ActiveCfg = Debug|Any CPU
		{50985A06-A3D8-4297-BF5B-10017C9BA556}.Debug|Any CPU.Build.0 = Debug|Any CPU
		{50985A06-A3D8-4297-BF5B-10017C9BA556}.Release|Any CPU.ActiveCfg = Release|Any CPU
		{50985A06-A3D8-4297-BF5B-10017C9BA556}.Release|Any CPU.Build.0 = Release|Any CPU
		{2D2A9B4A-B439-4DD8-9E84-4A6D917F8B08}.Debug|Any CPU.ActiveCfg = Debug|Any CPU
		{2D2A9B4A-B439-4DD8-9E84-4A6D917F8B08}.Debug|Any CPU.Build.0 = Debug|Any CPU
		{2D2A9B4A-B439-4DD8-9E84-4A6D917F8B08}.Release|Any CPU.ActiveCfg = Release|Any CPU
		{2D2A9B4A-B439-4DD8-9E84-4A6D917F8B08}.Release|Any CPU.Build.0 = Release|Any CPU
		{96D5A87B-61BC-4567-82D9-98FFA6DEB0AF}.Debug|Any CPU.ActiveCfg = Debug|Any CPU
		{96D5A87B-61BC-4567-82D9-98FFA6DEB0AF}.Debug|Any CPU.Build.0 = Debug|Any CPU
		{96D5A87B-61BC-4567-82D9-98FFA6DEB0AF}.Release|Any CPU.ActiveCfg = Release|Any CPU
		{96D5A87B-61BC-4567-82D9-98FFA6DEB0AF}.Release|Any CPU.Build.0 = Release|Any CPU
		{1434F60E-E993-437A-B6F8-674EB3DBE72E}.Debug|Any CPU.ActiveCfg = Debug|Any CPU
		{1434F60E-E993-437A-B6F8-674EB3DBE72E}.Debug|Any CPU.Build.0 = Debug|Any CPU
		{1434F60E-E993-437A-B6F8-674EB3DBE72E}.Release|Any CPU.ActiveCfg = Release|Any CPU
		{1434F60E-E993-437A-B6F8-674EB3DBE72E}.Release|Any CPU.Build.0 = Release|Any CPU
		{B323C7C2-A79D-40A8-AC5F-9D0175987BB1}.Debug|Any CPU.ActiveCfg = Debug|Any CPU
		{B323C7C2-A79D-40A8-AC5F-9D0175987BB1}.Debug|Any CPU.Build.0 = Debug|Any CPU
		{B323C7C2-A79D-40A8-AC5F-9D0175987BB1}.Release|Any CPU.ActiveCfg = Release|Any CPU
		{B323C7C2-A79D-40A8-AC5F-9D0175987BB1}.Release|Any CPU.Build.0 = Release|Any CPU
	EndGlobalSection
	GlobalSection(SolutionProperties) = preSolution
		HideSolutionNode = FALSE
	EndGlobalSection
	GlobalSection(ExtensibilityGlobals) = postSolution
		SolutionGuid = {0E38BCF3-E51A-434D-B021-70A6A46D64A7}
	EndGlobalSection
EndGlobal
