
Microsoft Visual Studio Solution File, Format Version 12.00
Project("{FAE04EC0-301F-11D3-BF4B-00C04F79EFBC}") = "CarvedRock.OrderProcessor", "CarvedRock.OrderProcessor\CarvedRock.OrderProcessor.csproj", "{50985A06-A3D8-4297-BF5B-10017C9BA556}"
EndProject
Project("{FAE04EC0-301F-11D3-BF4B-00C04F79EFBC}") = "CarvedRock.InvoiceGenerator", "CarvedRock.InvoiceGenerator\CarvedRock.InvoiceGenerator.csproj", "{2D2A9B4A-B439-4DD8-9E84-4A6D917F8B08}"
EndProject
Project("{FAE04EC0-301F-11D3-BF4B-00C04F79EFBC}") = "CarvedRock.Api", "CarvedRock.Api\CarvedRock.Api.csproj", "{96D5A87B-61BC-4567-82D9-98FFA6DEB0AF}"
EndProject
Project("{2150E333-8FDC-42A3-9474-1A3956D46DE8}") = "build", "build", "{5EA491C7-6DF0-4D6B-B1B8-1D2C4BE36D37}"
	ProjectSection(SolutionItems) = preProject
		docker-compose.yaml = docker-compose.yaml
	EndProjectSection
EndProject
Global
	GlobalSection(SolutionConfigurationPlatforms) = preSolution
		Debug|Any CPU = Debug|Any CPU
		Release|Any CPU = Release|Any CPU
	EndGlobalSection
	GlobalSection(ProjectConfigurationPlatforms) = postSolution
		{50985A06-A3D8-4297-BF5B-10017C9BA556}.Debug|Any CPU.ActiveCfg = Debug|Any CPU
		{50985A06-A3D8-4297-BF5B-10017C9BA556}.Debug|Any CPU.Build.0 = Debug|Any CPU
		{50985A06-A3D8-4297-BF5B-10017C9BA556}.Release|Any CPU.ActiveCfg = Release|Any CPU
		{50985A06-A3D8-4297-BF5B-10017C9BA556}.Release|Any CPU.Build.0 = Release|Any CPU
		{2D2A9B4A-B439-4DD8-9E84-4A6D917F8B08}.Debug|Any CPU.ActiveCfg = Debug|Any CPU
		{2D2A9B4A-B439-4DD8-9E84-4A6D917F8B08}.Debug|Any CPU.Build.0 = Debug|Any CPU
		{2D2A9B4A-B439-4DD8-9E84-4A6D917F8B08}.Release|Any CPU.ActiveCfg = Release|Any CPU
		{2D2A9B4A-B439-4DD8-9E84-4A6D917F8B08}.Release|Any CPU.Build.0 = Release|Any CPU
		{96D5A87B-61BC-4567-82D9-98FFA6DEB0AF}.Debug|Any CPU.ActiveCfg = Debug|Any CPU
		{96D5A87B-61BC-4567-82D9-98FFA6DEB0AF}.Debug|Any CPU.Build.0 = Debug|Any CPU
		{96D5A87B-61BC-4567-82D9-98FFA6DEB0AF}.Release|Any CPU.ActiveCfg = Release|Any CPU
		{96D5A87B-61BC-4567-82D9-98FFA6DEB0AF}.Release|Any CPU.Build.0 = Release|Any CPU
	EndGlobalSection
EndGlobal
